PODS:
  - libpd (0.8.3)

DEPENDENCIES:
  - libpd (from `https://github.com/libpd/libpd`)

EXTERNAL SOURCES:
  libpd:
    :git: https://github.com/libpd/libpd
    :submodules: true

CHECKOUT OPTIONS:
  libpd:
    :commit: e733fa10b769bacab3d695e3ab215c74f7c79173
    :git: https://github.com/libpd/libpd

SPEC CHECKSUMS:
  libpd: d758aa585c2f1d6f0d85fcfc99da4ec509172e75

COCOAPODS: 0.39.0
