PODS:
  - libpd (0.10.0)

DEPENDENCIES:
  - libpd (from `https://github.com/libpd/libpd`)

EXTERNAL SOURCES:
  libpd:
    :git: https://github.com/libpd/libpd
    :submodules: true

CHECKOUT OPTIONS:
  libpd:
    :commit: 9b87a36d50b72ab5e1182fa072dd32868e3ec6d2
    :git: https://github.com/libpd/libpd
    :submodules: true

SPEC CHECKSUMS:
  libpd: 77d1445db7649a0d2357f0b5fd83409799008f62

PODFILE CHECKSUM: 1c5ff984595a4b42722db857a14a390f5ecaf395

COCOAPODS: 1.3.1
