PODS:
  - libpd (0.10.0)

DEPENDENCIES:
  - libpd (from `https://github.com/libpd/libpd`)

EXTERNAL SOURCES:
  libpd:
    :git: https://github.com/libpd/libpd
    :submodules: true

CHECKOUT OPTIONS:
  libpd:
    :commit: 019f864802cebc531f425ba6d1be8fd49f630a3e
    :git: https://github.com/libpd/libpd
    :submodules: true

SPEC CHECKSUMS:
  libpd: c4f8ec7be74d223200052f0736ae02e56b12b9e9

PODFILE CHECKSUM: 97bce951e5a14d78927134c6ba458519d347b20a

COCOAPODS: 1.0.1
